
Microsoft Visual Studio Solution File, Format Version 12.00
# Visual Studio Version 16
VisualStudioVersion = 16.0.29020.237
MinimumVisualStudioVersion = 10.0.40219.1
Project("{9A19103F-16F7-4668-BE54-9A1E7A4F7556}") = "BoulderApp.Web", "BoulderApp.Web\BoulderApp.Web.csproj", "{32AB9C22-DDC1-494A-B9CC-197F36C6C5ED}"
EndProject
Project("{9A19103F-16F7-4668-BE54-9A1E7A4F7556}") = "BoulderApp.GraphQL", "BoulderApp.GraphQL\BoulderApp.GraphQL.csproj", "{0B4AC99F-B1F9-48BA-84D1-DCA0F9D6586C}"
EndProject
Project("{FAE04EC0-301F-11D3-BF4B-00C04F79EFBC}") = "BoulderApp.Web.Types", "BoulderApp.Web.Types\BoulderApp.Web.Types.csproj", "{CA39EAA4-2FF2-4A11-9689-66DD1CF62C40}"
EndProject
Global
	GlobalSection(SolutionConfigurationPlatforms) = preSolution
		Debug|Any CPU = Debug|Any CPU
		Release|Any CPU = Release|Any CPU
	EndGlobalSection
	GlobalSection(ProjectConfigurationPlatforms) = postSolution
		{32AB9C22-DDC1-494A-B9CC-197F36C6C5ED}.Debug|Any CPU.ActiveCfg = Debug|Any CPU
		{32AB9C22-DDC1-494A-B9CC-197F36C6C5ED}.Debug|Any CPU.Build.0 = Debug|Any CPU
		{32AB9C22-DDC1-494A-B9CC-197F36C6C5ED}.Release|Any CPU.ActiveCfg = Release|Any CPU
		{32AB9C22-DDC1-494A-B9CC-197F36C6C5ED}.Release|Any CPU.Build.0 = Release|Any CPU
		{0B4AC99F-B1F9-48BA-84D1-DCA0F9D6586C}.Debug|Any CPU.ActiveCfg = Debug|Any CPU
		{0B4AC99F-B1F9-48BA-84D1-DCA0F9D6586C}.Debug|Any CPU.Build.0 = Debug|Any CPU
		{0B4AC99F-B1F9-48BA-84D1-DCA0F9D6586C}.Release|Any CPU.ActiveCfg = Release|Any CPU
		{0B4AC99F-B1F9-48BA-84D1-DCA0F9D6586C}.Release|Any CPU.Build.0 = Release|Any CPU
		{CA39EAA4-2FF2-4A11-9689-66DD1CF62C40}.Debug|Any CPU.ActiveCfg = Debug|Any CPU
		{CA39EAA4-2FF2-4A11-9689-66DD1CF62C40}.Debug|Any CPU.Build.0 = Debug|Any CPU
		{CA39EAA4-2FF2-4A11-9689-66DD1CF62C40}.Release|Any CPU.ActiveCfg = Release|Any CPU
		{CA39EAA4-2FF2-4A11-9689-66DD1CF62C40}.Release|Any CPU.Build.0 = Release|Any CPU
	EndGlobalSection
	GlobalSection(SolutionProperties) = preSolution
		HideSolutionNode = FALSE
	EndGlobalSection
	GlobalSection(ExtensibilityGlobals) = postSolution
		SolutionGuid = {CAD559CE-3654-4EC0-AF19-181D880A00FE}
	EndGlobalSection
EndGlobal
